
Microsoft Visual Studio Solution File, Format Version 12.00
# Visual Studio Version 17
VisualStudioVersion = 17.5.002.0
MinimumVisualStudioVersion = 10.0.40219.1
Project("{9A19103F-16F7-4668-BE54-9A1E7A4F7556}") = "work", "work.csproj", "{5A889B21-2054-4E19-B84F-81AAC403AC59}"
EndProject
Project("{FAE04EC0-301F-11D3-BF4B-00C04F79EFBC}") = "JsonMethoid.Tests", "JsonMethoid.Tests\JsonMethoid.Tests.csproj", "{49E9092C-0F22-4FB1-ACA2-5BB016588C22}"
EndProject
Global
	GlobalSection(SolutionConfigurationPlatforms) = preSolution
		Debug|Any CPU = Debug|Any CPU
		Release|Any CPU = Release|Any CPU
	EndGlobalSection
	GlobalSection(ProjectConfigurationPlatforms) = postSolution
		{5A889B21-2054-4E19-B84F-81AAC403AC59}.Debug|Any CPU.ActiveCfg = Debug|Any CPU
		{5A889B21-2054-4E19-B84F-81AAC403AC59}.Debug|Any CPU.Build.0 = Debug|Any CPU
		{5A889B21-2054-4E19-B84F-81AAC403AC59}.Release|Any CPU.ActiveCfg = Release|Any CPU
		{5A889B21-2054-4E19-B84F-81AAC403AC59}.Release|Any CPU.Build.0 = Release|Any CPU
		{49E9092C-0F22-4FB1-ACA2-5BB016588C22}.Debug|Any CPU.ActiveCfg = Debug|Any CPU
		{49E9092C-0F22-4FB1-ACA2-5BB016588C22}.Debug|Any CPU.Build.0 = Debug|Any CPU
		{49E9092C-0F22-4FB1-ACA2-5BB016588C22}.Release|Any CPU.ActiveCfg = Release|Any CPU
		{49E9092C-0F22-4FB1-ACA2-5BB016588C22}.Release|Any CPU.Build.0 = Release|Any CPU
	EndGlobalSection
	GlobalSection(SolutionProperties) = preSolution
		HideSolutionNode = FALSE
	EndGlobalSection
	GlobalSection(ExtensibilityGlobals) = postSolution
		SolutionGuid = {EE7599DD-3D6B-4978-99E8-2BCC0A99E34A}
	EndGlobalSection
EndGlobal
